// !$*UTF8*$!
{
	archiveVersion = 1;
	classes = {
	};
	objectVersion = 45;
	objects = {

/* Begin PBXBuildFile section */
		000035E812B2289000DCD615 /* CoreTelephony.framework in Frameworks */ = {isa = PBXBuildFile; fileRef = 000035E712B2289000DCD615 /* CoreTelephony.framework */; };
		000035EA12B2289700DCD615 /* SystemConfiguration.framework in Frameworks */ = {isa = PBXBuildFile; fileRef = 000035E912B2289700DCD615 /* SystemConfiguration.framework */; };
		00150E661378A4AA009BE263 /* libAppPL.a in Frameworks */ = {isa = PBXBuildFile; fileRef = 00150E641378A4AA009BE263 /* libAppPL.a */; };
		009F84EA134F0A74002A9A31 /* libsqlite3.dylib in Frameworks */ = {isa = PBXBuildFile; fileRef = 009F84E9134F0A74002A9A31 /* libsqlite3.dylib */; };
		00B399C61055038E00E4CE16 /* WebViewController.m in Sources */ = {isa = PBXBuildFile; fileRef = 00B399C51055038E00E4CE16 /* WebViewController.m */; };
		00B399C81055039600E4CE16 /* WebView.xib in Resources */ = {isa = PBXBuildFile; fileRef = 00B399C71055039600E4CE16 /* WebView.xib */; };
		00B39A2310550EEA00E4CE16 /* NSObject+SBJSON.m in Sources */ = {isa = PBXBuildFile; fileRef = 00B39A1810550EEA00E4CE16 /* NSObject+SBJSON.m */; };
		00B39A2410550EEA00E4CE16 /* NSString+SBJSON.m in Sources */ = {isa = PBXBuildFile; fileRef = 00B39A1A10550EEA00E4CE16 /* NSString+SBJSON.m */; };
		00B39A2510550EEA00E4CE16 /* SBJSON.m in Sources */ = {isa = PBXBuildFile; fileRef = 00B39A1C10550EEA00E4CE16 /* SBJSON.m */; };
		00B39A2610550EEA00E4CE16 /* SBJsonBase.m in Sources */ = {isa = PBXBuildFile; fileRef = 00B39A1E10550EEA00E4CE16 /* SBJsonBase.m */; };
		00B39A2710550EEA00E4CE16 /* SBJsonParser.m in Sources */ = {isa = PBXBuildFile; fileRef = 00B39A2010550EEA00E4CE16 /* SBJsonParser.m */; };
		00B39A2810550EEA00E4CE16 /* SBJsonWriter.m in Sources */ = {isa = PBXBuildFile; fileRef = 00B39A2210550EEA00E4CE16 /* SBJsonWriter.m */; };
		00B39A2B1055100100E4CE16 /* TwitterTrends.m in Sources */ = {isa = PBXBuildFile; fileRef = 00B39A2A1055100100E4CE16 /* TwitterTrends.m */; };
		1D3623260D0F684500981E51 /* TrendsDelegate.m in Sources */ = {isa = PBXBuildFile; fileRef = 1D3623250D0F684500981E51 /* TrendsDelegate.m */; };
		1D60589B0D05DD56006BFB54 /* main.m in Sources */ = {isa = PBXBuildFile; fileRef = 29B97316FDCFA39411CA2CEA /* main.m */; };
		1D60589F0D05DD5A006BFB54 /* Foundation.framework in Frameworks */ = {isa = PBXBuildFile; fileRef = 1D30AB110D05D00D00671497 /* Foundation.framework */; };
		1DF5F4E00D08C38300B7A737 /* UIKit.framework in Frameworks */ = {isa = PBXBuildFile; fileRef = 1DF5F4DF0D08C38300B7A737 /* UIKit.framework */; };
		288765A50DF7441C002DB57D /* CoreGraphics.framework in Frameworks */ = {isa = PBXBuildFile; fileRef = 288765A40DF7441C002DB57D /* CoreGraphics.framework */; };
		2899E5220DE3E06400AC0155 /* RootView.xib in Resources */ = {isa = PBXBuildFile; fileRef = 2899E5210DE3E06400AC0155 /* RootView.xib */; };
		28AD733F0D9D9553002E5188 /* MainWindow.xib in Resources */ = {isa = PBXBuildFile; fileRef = 28AD733E0D9D9553002E5188 /* MainWindow.xib */; };
		28D7ACF80DDB3853001CB0EB /* RootController.m in Sources */ = {isa = PBXBuildFile; fileRef = 28D7ACF70DDB3853001CB0EB /* RootController.m */; };
/* End PBXBuildFile section */

/* Begin PBXFileReference section */
		000035E712B2289000DCD615 /* CoreTelephony.framework */ = {isa = PBXFileReference; lastKnownFileType = wrapper.framework; name = CoreTelephony.framework; path = System/Library/Frameworks/CoreTelephony.framework; sourceTree = SDKROOT; };
		000035E912B2289700DCD615 /* SystemConfiguration.framework */ = {isa = PBXFileReference; lastKnownFileType = wrapper.framework; name = SystemConfiguration.framework; path = System/Library/Frameworks/SystemConfiguration.framework; sourceTree = SDKROOT; };
		00150E641378A4AA009BE263 /* libAppPL.a */ = {isa = PBXFileReference; lastKnownFileType = archive.ar; path = libAppPL.a; sourceTree = "<group>"; };
		00150E651378A4AA009BE263 /* WMPerfLib.h */ = {isa = PBXFileReference; fileEncoding = 4; lastKnownFileType = sourcecode.c.h; path = WMPerfLib.h; sourceTree = "<group>"; };
		009F84E9134F0A74002A9A31 /* libsqlite3.dylib */ = {isa = PBXFileReference; lastKnownFileType = "compiled.mach-o.dylib"; name = libsqlite3.dylib; path = usr/lib/libsqlite3.dylib; sourceTree = SDKROOT; };
		00B399C41055038E00E4CE16 /* WebViewController.h */ = {isa = PBXFileReference; fileEncoding = 4; lastKnownFileType = sourcecode.c.h; lineEnding = 0; path = WebViewController.h; sourceTree = "<group>"; xcLanguageSpecificationIdentifier = xcode.lang.objcpp; };
		00B399C51055038E00E4CE16 /* WebViewController.m */ = {isa = PBXFileReference; fileEncoding = 4; lastKnownFileType = sourcecode.c.objc; lineEnding = 0; path = WebViewController.m; sourceTree = "<group>"; xcLanguageSpecificationIdentifier = xcode.lang.objc; };
		00B399C71055039600E4CE16 /* WebView.xib */ = {isa = PBXFileReference; lastKnownFileType = file.xib; path = WebView.xib; sourceTree = "<group>"; };
		00B39A1610550EEA00E4CE16 /* JSON.h */ = {isa = PBXFileReference; fileEncoding = 4; lastKnownFileType = sourcecode.c.h; path = JSON.h; sourceTree = "<group>"; };
		00B39A1710550EEA00E4CE16 /* NSObject+SBJSON.h */ = {isa = PBXFileReference; fileEncoding = 4; lastKnownFileType = sourcecode.c.h; path = "NSObject+SBJSON.h"; sourceTree = "<group>"; };
		00B39A1810550EEA00E4CE16 /* NSObject+SBJSON.m */ = {isa = PBXFileReference; fileEncoding = 4; lastKnownFileType = sourcecode.c.objc; path = "NSObject+SBJSON.m"; sourceTree = "<group>"; };
		00B39A1910550EEA00E4CE16 /* NSString+SBJSON.h */ = {isa = PBXFileReference; fileEncoding = 4; lastKnownFileType = sourcecode.c.h; path = "NSString+SBJSON.h"; sourceTree = "<group>"; };
		00B39A1A10550EEA00E4CE16 /* NSString+SBJSON.m */ = {isa = PBXFileReference; fileEncoding = 4; lastKnownFileType = sourcecode.c.objc; path = "NSString+SBJSON.m"; sourceTree = "<group>"; };
		00B39A1B10550EEA00E4CE16 /* SBJSON.h */ = {isa = PBXFileReference; fileEncoding = 4; lastKnownFileType = sourcecode.c.h; path = SBJSON.h; sourceTree = "<group>"; };
		00B39A1C10550EEA00E4CE16 /* SBJSON.m */ = {isa = PBXFileReference; fileEncoding = 4; lastKnownFileType = sourcecode.c.objc; path = SBJSON.m; sourceTree = "<group>"; };
		00B39A1D10550EEA00E4CE16 /* SBJsonBase.h */ = {isa = PBXFileReference; fileEncoding = 4; lastKnownFileType = sourcecode.c.h; path = SBJsonBase.h; sourceTree = "<group>"; };
		00B39A1E10550EEA00E4CE16 /* SBJsonBase.m */ = {isa = PBXFileReference; fileEncoding = 4; lastKnownFileType = sourcecode.c.objc; path = SBJsonBase.m; sourceTree = "<group>"; };
		00B39A1F10550EEA00E4CE16 /* SBJsonParser.h */ = {isa = PBXFileReference; fileEncoding = 4; lastKnownFileType = sourcecode.c.h; path = SBJsonParser.h; sourceTree = "<group>"; };
		00B39A2010550EEA00E4CE16 /* SBJsonParser.m */ = {isa = PBXFileReference; fileEncoding = 4; lastKnownFileType = sourcecode.c.objc; path = SBJsonParser.m; sourceTree = "<group>"; };
		00B39A2110550EEA00E4CE16 /* SBJsonWriter.h */ = {isa = PBXFileReference; fileEncoding = 4; lastKnownFileType = sourcecode.c.h; path = SBJsonWriter.h; sourceTree = "<group>"; };
		00B39A2210550EEA00E4CE16 /* SBJsonWriter.m */ = {isa = PBXFileReference; fileEncoding = 4; lastKnownFileType = sourcecode.c.objc; path = SBJsonWriter.m; sourceTree = "<group>"; };
		00B39A291055100100E4CE16 /* TwitterTrends.h */ = {isa = PBXFileReference; fileEncoding = 4; lastKnownFileType = sourcecode.c.h; lineEnding = 0; path = TwitterTrends.h; sourceTree = "<group>"; xcLanguageSpecificationIdentifier = xcode.lang.objcpp; };
		00B39A2A1055100100E4CE16 /* TwitterTrends.m */ = {isa = PBXFileReference; fileEncoding = 4; lastKnownFileType = sourcecode.c.objc; lineEnding = 0; path = TwitterTrends.m; sourceTree = "<group>"; xcLanguageSpecificationIdentifier = xcode.lang.objc; };
		1D30AB110D05D00D00671497 /* Foundation.framework */ = {isa = PBXFileReference; lastKnownFileType = wrapper.framework; name = Foundation.framework; path = System/Library/Frameworks/Foundation.framework; sourceTree = SDKROOT; };
		1D3623240D0F684500981E51 /* TrendsDelegate.h */ = {isa = PBXFileReference; fileEncoding = 4; lastKnownFileType = sourcecode.c.h; lineEnding = 0; path = TrendsDelegate.h; sourceTree = "<group>"; xcLanguageSpecificationIdentifier = xcode.lang.objcpp; };
		1D3623250D0F684500981E51 /* TrendsDelegate.m */ = {isa = PBXFileReference; fileEncoding = 4; lastKnownFileType = sourcecode.c.objc; lineEnding = 0; path = TrendsDelegate.m; sourceTree = "<group>"; xcLanguageSpecificationIdentifier = xcode.lang.objc; };
		1D6058910D05DD3D006BFB54 /* TwitterTrends.app */ = {isa = PBXFileReference; explicitFileType = wrapper.application; includeInIndex = 0; path = TwitterTrends.app; sourceTree = BUILT_PRODUCTS_DIR; };
		1DF5F4DF0D08C38300B7A737 /* UIKit.framework */ = {isa = PBXFileReference; lastKnownFileType = wrapper.framework; name = UIKit.framework; path = System/Library/Frameworks/UIKit.framework; sourceTree = SDKROOT; };
		288765A40DF7441C002DB57D /* CoreGraphics.framework */ = {isa = PBXFileReference; lastKnownFileType = wrapper.framework; name = CoreGraphics.framework; path = System/Library/Frameworks/CoreGraphics.framework; sourceTree = SDKROOT; };
		2899E5210DE3E06400AC0155 /* RootView.xib */ = {isa = PBXFileReference; lastKnownFileType = file.xib; path = RootView.xib; sourceTree = "<group>"; };
		28AD733E0D9D9553002E5188 /* MainWindow.xib */ = {isa = PBXFileReference; lastKnownFileType = file.xib; path = MainWindow.xib; sourceTree = "<group>"; };
		28D7ACF60DDB3853001CB0EB /* RootController.h */ = {isa = PBXFileReference; fileEncoding = 4; lastKnownFileType = sourcecode.c.h; lineEnding = 0; path = RootController.h; sourceTree = "<group>"; xcLanguageSpecificationIdentifier = xcode.lang.objcpp; };
		28D7ACF70DDB3853001CB0EB /* RootController.m */ = {isa = PBXFileReference; fileEncoding = 4; lastKnownFileType = sourcecode.c.objc; lineEnding = 0; path = RootController.m; sourceTree = "<group>"; xcLanguageSpecificationIdentifier = xcode.lang.objc; };
		29B97316FDCFA39411CA2CEA /* main.m */ = {isa = PBXFileReference; fileEncoding = 4; lastKnownFileType = sourcecode.c.objc; lineEnding = 0; path = main.m; sourceTree = "<group>"; xcLanguageSpecificationIdentifier = xcode.lang.objc; };
		32CA4F630368D1EE00C91783 /* TwitterTrends_Prefix.pch */ = {isa = PBXFileReference; fileEncoding = 4; lastKnownFileType = sourcecode.c.h; lineEnding = 0; path = TwitterTrends_Prefix.pch; sourceTree = "<group>"; xcLanguageSpecificationIdentifier = xcode.lang.objc; };
		8D1107310486CEB800E47090 /* TwitterTrends-Info.plist */ = {isa = PBXFileReference; fileEncoding = 4; lastKnownFileType = text.plist.xml; path = "TwitterTrends-Info.plist"; plistStructureDefinitionIdentifier = "com.apple.xcode.plist.structure-definition.iphone.info-plist"; sourceTree = "<group>"; };
/* End PBXFileReference section */

/* Begin PBXFrameworksBuildPhase section */
		1D60588F0D05DD3D006BFB54 /* Frameworks */ = {
			isa = PBXFrameworksBuildPhase;
			buildActionMask = 2147483647;
			files = (
				009F84EA134F0A74002A9A31 /* libsqlite3.dylib in Frameworks */,
				1D60589F0D05DD5A006BFB54 /* Foundation.framework in Frameworks */,
				1DF5F4E00D08C38300B7A737 /* UIKit.framework in Frameworks */,
				288765A50DF7441C002DB57D /* CoreGraphics.framework in Frameworks */,
				000035E812B2289000DCD615 /* CoreTelephony.framework in Frameworks */,
				000035EA12B2289700DCD615 /* SystemConfiguration.framework in Frameworks */,
				00150E661378A4AA009BE263 /* libAppPL.a in Frameworks */,
			);
			runOnlyForDeploymentPostprocessing = 0;
		};
/* End PBXFrameworksBuildPhase section */

/* Begin PBXGroup section */
		00B39A1510550EEA00E4CE16 /* JSON */ = {
			isa = PBXGroup;
			children = (
				00B39A1610550EEA00E4CE16 /* JSON.h */,
				00B39A1710550EEA00E4CE16 /* NSObject+SBJSON.h */,
				00B39A1810550EEA00E4CE16 /* NSObject+SBJSON.m */,
				00B39A1910550EEA00E4CE16 /* NSString+SBJSON.h */,
				00B39A1A10550EEA00E4CE16 /* NSString+SBJSON.m */,
				00B39A1B10550EEA00E4CE16 /* SBJSON.h */,
				00B39A1C10550EEA00E4CE16 /* SBJSON.m */,
				00B39A1D10550EEA00E4CE16 /* SBJsonBase.h */,
				00B39A1E10550EEA00E4CE16 /* SBJsonBase.m */,
				00B39A1F10550EEA00E4CE16 /* SBJsonParser.h */,
				00B39A2010550EEA00E4CE16 /* SBJsonParser.m */,
				00B39A2110550EEA00E4CE16 /* SBJsonWriter.h */,
				00B39A2210550EEA00E4CE16 /* SBJsonWriter.m */,
			);
			path = JSON;
			sourceTree = "<group>";
		};
		080E96DDFE201D6D7F000001 /* Classes */ = {
			isa = PBXGroup;
			children = (
				1D3623240D0F684500981E51 /* TrendsDelegate.h */,
				1D3623250D0F684500981E51 /* TrendsDelegate.m */,
				28D7ACF60DDB3853001CB0EB /* RootController.h */,
				28D7ACF70DDB3853001CB0EB /* RootController.m */,
				00B399C41055038E00E4CE16 /* WebViewController.h */,
				00B399C51055038E00E4CE16 /* WebViewController.m */,
				00B39A291055100100E4CE16 /* TwitterTrends.h */,
				00B39A2A1055100100E4CE16 /* TwitterTrends.m */,
				00B39A1510550EEA00E4CE16 /* JSON */,
			);
			path = Classes;
			sourceTree = "<group>";
		};
		19C28FACFE9D520D11CA2CBB /* Products */ = {
			isa = PBXGroup;
			children = (
				1D6058910D05DD3D006BFB54 /* TwitterTrends.app */,
			);
			name = Products;
			sourceTree = "<group>";
		};
		29B97314FDCFA39411CA2CEA /* CustomTemplate */ = {
			isa = PBXGroup;
			children = (
				00150E641378A4AA009BE263 /* libAppPL.a */,
				00150E651378A4AA009BE263 /* WMPerfLib.h */,
				009F84E9134F0A74002A9A31 /* libsqlite3.dylib */,
				080E96DDFE201D6D7F000001 /* Classes */,
				29B97315FDCFA39411CA2CEA /* Other Sources */,
				29B97317FDCFA39411CA2CEA /* Resources */,
				29B97323FDCFA39411CA2CEA /* Frameworks */,
				19C28FACFE9D520D11CA2CBB /* Products */,
			);
			name = CustomTemplate;
			sourceTree = "<group>";
		};
		29B97315FDCFA39411CA2CEA /* Other Sources */ = {
			isa = PBXGroup;
			children = (
				32CA4F630368D1EE00C91783 /* TwitterTrends_Prefix.pch */,
				29B97316FDCFA39411CA2CEA /* main.m */,
			);
			name = "Other Sources";
			sourceTree = "<group>";
		};
		29B97317FDCFA39411CA2CEA /* Resources */ = {
			isa = PBXGroup;
			children = (
				28AD733E0D9D9553002E5188 /* MainWindow.xib */,
				2899E5210DE3E06400AC0155 /* RootView.xib */,
				00B399C71055039600E4CE16 /* WebView.xib */,
				8D1107310486CEB800E47090 /* TwitterTrends-Info.plist */,
			);
			name = Resources;
			sourceTree = "<group>";
		};
		29B97323FDCFA39411CA2CEA /* Frameworks */ = {
			isa = PBXGroup;
			children = (
				1DF5F4DF0D08C38300B7A737 /* UIKit.framework */,
				1D30AB110D05D00D00671497 /* Foundation.framework */,
				288765A40DF7441C002DB57D /* CoreGraphics.framework */,
				000035E712B2289000DCD615 /* CoreTelephony.framework */,
				000035E912B2289700DCD615 /* SystemConfiguration.framework */,
			);
			name = Frameworks;
			sourceTree = "<group>";
		};
/* End PBXGroup section */

/* Begin PBXNativeTarget section */
		1D6058900D05DD3D006BFB54 /* TwitterTrends */ = {
			isa = PBXNativeTarget;
			buildConfigurationList = 1D6058960D05DD3E006BFB54 /* Build configuration list for PBXNativeTarget "TwitterTrends" */;
			buildPhases = (
				1D60588D0D05DD3D006BFB54 /* Resources */,
				1D60588E0D05DD3D006BFB54 /* Sources */,
				1D60588F0D05DD3D006BFB54 /* Frameworks */,
			);
			buildRules = (
			);
			dependencies = (
			);
			name = TwitterTrends;
			productName = TwitterTrends;
			productReference = 1D6058910D05DD3D006BFB54 /* TwitterTrends.app */;
			productType = "com.apple.product-type.application";
		};
/* End PBXNativeTarget section */

/* Begin PBXProject section */
		29B97313FDCFA39411CA2CEA /* Project object */ = {
			isa = PBXProject;
			buildConfigurationList = C01FCF4E08A954540054247B /* Build configuration list for PBXProject "TwitterTrends" */;
			compatibilityVersion = "Xcode 3.1";
			developmentRegion = English;
			hasScannedForEncodings = 1;
			knownRegions = (
				English,
				Japanese,
				French,
				German,
			);
			mainGroup = 29B97314FDCFA39411CA2CEA /* CustomTemplate */;
			projectDirPath = "";
			projectRoot = "";
			targets = (
				1D6058900D05DD3D006BFB54 /* TwitterTrends */,
			);
		};
/* End PBXProject section */

/* Begin PBXResourcesBuildPhase section */
		1D60588D0D05DD3D006BFB54 /* Resources */ = {
			isa = PBXResourcesBuildPhase;
			buildActionMask = 2147483647;
			files = (
				28AD733F0D9D9553002E5188 /* MainWindow.xib in Resources */,
				2899E5220DE3E06400AC0155 /* RootView.xib in Resources */,
				00B399C81055039600E4CE16 /* WebView.xib in Resources */,
			);
			runOnlyForDeploymentPostprocessing = 0;
		};
/* End PBXResourcesBuildPhase section */

/* Begin PBXSourcesBuildPhase section */
		1D60588E0D05DD3D006BFB54 /* Sources */ = {
			isa = PBXSourcesBuildPhase;
			buildActionMask = 2147483647;
			files = (
				1D60589B0D05DD56006BFB54 /* main.m in Sources */,
				1D3623260D0F684500981E51 /* TrendsDelegate.m in Sources */,
				28D7ACF80DDB3853001CB0EB /* RootController.m in Sources */,
				00B399C61055038E00E4CE16 /* WebViewController.m in Sources */,
				00B39A2310550EEA00E4CE16 /* NSObject+SBJSON.m in Sources */,
				00B39A2410550EEA00E4CE16 /* NSString+SBJSON.m in Sources */,
				00B39A2510550EEA00E4CE16 /* SBJSON.m in Sources */,
				00B39A2610550EEA00E4CE16 /* SBJsonBase.m in Sources */,
				00B39A2710550EEA00E4CE16 /* SBJsonParser.m in Sources */,
				00B39A2810550EEA00E4CE16 /* SBJsonWriter.m in Sources */,
				00B39A2B1055100100E4CE16 /* TwitterTrends.m in Sources */,
			);
			runOnlyForDeploymentPostprocessing = 0;
		};
/* End PBXSourcesBuildPhase section */

/* Begin XCBuildConfiguration section */
		1D6058940D05DD3E006BFB54 /* Debug */ = {
			isa = XCBuildConfiguration;
			buildSettings = {
				ALWAYS_SEARCH_USER_PATHS = NO;
				CODE_SIGN_IDENTITY = "iPhone Developer: Alasdair Allan (U5K5JPRS76)";
				COPY_PHASE_STRIP = NO;
				GCC_DYNAMIC_NO_PIC = NO;
				GCC_OPTIMIZATION_LEVEL = 0;
				GCC_PRECOMPILE_PREFIX_HEADER = YES;
				GCC_PREFIX_HEADER = TwitterTrends_Prefix.pch;
				INFOPLIST_FILE = "TwitterTrends-Info.plist";
				LIBRARY_SEARCH_PATHS = (
					"$(inherited)",
					"\"$(SRCROOT)\"",
					"\"$(SRCROOT)/Classes\"",
					"\"$(SRCROOT)/../../build/Debug-universal\"",
				);
				PRODUCT_NAME = TwitterTrends;
				PROVISIONING_PROFILE = "F65DAFAD-F04D-44A5-BC46-4733F94BBE8B";
			};
			name = Debug;
		};
		1D6058950D05DD3E006BFB54 /* Release */ = {
			isa = XCBuildConfiguration;
			buildSettings = {
				ALWAYS_SEARCH_USER_PATHS = NO;
				COPY_PHASE_STRIP = YES;
				GCC_PRECOMPILE_PREFIX_HEADER = YES;
				GCC_PREFIX_HEADER = TwitterTrends_Prefix.pch;
				INFOPLIST_FILE = "TwitterTrends-Info.plist";
				LIBRARY_SEARCH_PATHS = (
					"$(inherited)",
					"\"$(SRCROOT)\"",
					"\"$(SRCROOT)/Classes\"",
					"\"$(SRCROOT)/../../build/Debug-universal\"",
				);
				PRODUCT_NAME = TwitterTrends;
			};
			name = Release;
		};
		C01FCF4F08A954540054247B /* Debug */ = {
			isa = XCBuildConfiguration;
			buildSettings = {
				ARCHS = "$(ARCHS_STANDARD_32_BIT)";
				CODE_SIGN_IDENTITY = "iPhone Developer: Alasdair Allan (U5K5JPRS76)";
				"CODE_SIGN_IDENTITY[sdk=iphoneos*]" = "iPhone Developer";
				GCC_C_LANGUAGE_STANDARD = c99;
				GCC_WARN_ABOUT_RETURN_TYPE = YES;
				GCC_WARN_UNUSED_VARIABLE = YES;
				OTHER_LDFLAGS = (
					"-all_load",
					"-ObjC",
				);
				PREBINDING = NO;
				PROVISIONING_PROFILE = "978DCFCA-CDBE-41F2-B6C4-B3201AF1AEBD";
				SDKROOT = iphoneos;
			};
			name = Debug;
		};
		C01FCF5008A954540054247B /* Release */ = {
			isa = XCBuildConfiguration;
			buildSettings = {
				ARCHS = "$(ARCHS_STANDARD_32_BIT)";
				"CODE_SIGN_IDENTITY[sdk=iphoneos*]" = "iPhone Developer";
				GCC_C_LANGUAGE_STANDARD = c99;
				GCC_WARN_ABOUT_RETURN_TYPE = YES;
				GCC_WARN_UNUSED_VARIABLE = YES;
				PREBINDING = NO;
				SDKROOT = iphoneos;
			};
			name = Release;
		};
/* End XCBuildConfiguration section */

/* Begin XCConfigurationList section */
		1D6058960D05DD3E006BFB54 /* Build configuration list for PBXNativeTarget "TwitterTrends" */ = {
			isa = XCConfigurationList;
			buildConfigurations = (
				1D6058940D05DD3E006BFB54 /* Debug */,
				1D6058950D05DD3E006BFB54 /* Release */,
			);
			defaultConfigurationIsVisible = 0;
			defaultConfigurationName = Release;
		};
		C01FCF4E08A954540054247B /* Build configuration list for PBXProject "TwitterTrends" */ = {
			isa = XCConfigurationList;
			buildConfigurations = (
				C01FCF4F08A954540054247B /* Debug */,
				C01FCF5008A954540054247B /* Release */,
			);
			defaultConfigurationIsVisible = 0;
			defaultConfigurationName = Release;
		};
/* End XCConfigurationList section */
	};
	rootObject = 29B97313FDCFA39411CA2CEA /* Project object */;
}
